
Microsoft Visual Studio Solution File, Format Version 12.00
# Visual Studio Version 17
VisualStudioVersion = 17.0.32112.339
MinimumVisualStudioVersion = 10.0.40219.1
Project("{FAE04EC0-301F-11D3-BF4B-00C04F79EFBC}") = "ConsoleApp1", "ConsoleApp1.csproj", "{72C1F044-3DF8-407B-823C-E2FE91C3A4EF}"
EndProject
Global
	GlobalSection(SolutionConfigurationPlatforms) = preSolution
		Debug|Any CPU = Debug|Any CPU
		Release|Any CPU = Release|Any CPU
	EndGlobalSection
	GlobalSection(ProjectConfigurationPlatforms) = postSolution
		{72C1F044-3DF8-407B-823C-E2FE91C3A4EF}.Debug|Any CPU.ActiveCfg = Debug|Any CPU
		{72C1F044-3DF8-407B-823C-E2FE91C3A4EF}.Debug|Any CPU.Build.0 = Debug|Any CPU
		{72C1F044-3DF8-407B-823C-E2FE91C3A4EF}.Release|Any CPU.ActiveCfg = Release|Any CPU
		{72C1F044-3DF8-407B-823C-E2FE91C3A4EF}.Release|Any CPU.Build.0 = Release|Any CPU
	EndGlobalSection
	GlobalSection(SolutionProperties) = preSolution
		HideSolutionNode = FALSE
	EndGlobalSection
	GlobalSection(ExtensibilityGlobals) = postSolution
		SolutionGuid = {B2C9503B-39CB-4C70-B468-C92FB4951150}
	EndGlobalSection
EndGlobal
